<?xml version="1.0" encoding="utf-8"?>
<Project ToolsVersion="4.0" xmlns="http://schemas.microsoft.com/developer/msbuild/2003">
  <ItemGroup>
    <ClCompile Include="main.cpp" />
    <ClCompile Include="RobotChat\DDVoiceInteraction.cpp">
      <Filter>RobotChat</Filter>
    </ClCompile>
    <ClCompile Include="RobotChat\cJSON.c">
      <Filter>RobotChat</Filter>
    </ClCompile>
    <ClCompile Include="RobotChat\speech_recognizer.c">
      <Filter>RobotChat</Filter>
    </ClCompile>
    <ClCompile Include="RobotChat\tinyxml2.cpp">
      <Filter>RobotChat</Filter>
    </ClCompile>
    <ClCompile Include="RobotChat\winrec.c">
      <Filter>RobotChat</Filter>
    </ClCompile>
    <ClCompile Include="..\..\Shared\src\Utility\CommonFunc.cpp">
      <Filter>Shared\Utility</Filter>
    </ClCompile>
    <ClCompile Include="..\..\Shared\src\Utility\Logger.cpp">
      <Filter>Shared\Utility</Filter>
    </ClCompile>
    <ClCompile Include="..\..\Shared\src\Utility\MiniDump.cpp">
      <Filter>Shared\Utility</Filter>
    </ClCompile>
    <ClCompile Include="..\..\Shared\src\Utility\XmlLoader.cpp">
      <Filter>Shared\Utility</Filter>
    </ClCompile>
    <ClCompile Include="..\..\Shared\src\Network\BaseMessageDispatcher.cpp">
      <Filter>Shared\Network</Filter>
    </ClCompile>
    <ClCompile Include="..\..\Shared\src\Network\BaseProcessor.cpp">
      <Filter>Shared\Network</Filter>
    </ClCompile>
    <ClCompile Include="..\..\Shared\src\Network\BaseSocketContainer.cpp">
      <Filter>Shared\Network</Filter>
    </ClCompile>
    <ClCompile Include="..\..\Shared\src\Network\MessageSerializer.cpp">
      <Filter>Shared\Network</Filter>
    </ClCompile>
    <ClCompile Include="..\..\Shared\src\Network\TcpClientBase.cpp">
      <Filter>Shared\Network</Filter>
    </ClCompile>
    <ClCompile Include="..\..\Shared\src\Network\TcpServerBase.cpp">
      <Filter>Shared\Network</Filter>
    </ClCompile>
    <ClCompile Include="..\..\Shared\src\Network\TcpSocketContainer.cpp">
      <Filter>Shared\Network</Filter>
    </ClCompile>
    <ClCompile Include="..\..\Shared\src\Network\UdpSocketBase.cpp">
      <Filter>Shared\Network</Filter>
    </ClCompile>
    <ClCompile Include="..\..\Shared\thirdparty\tinyxml\tinystr.cpp">
      <Filter>Shared\Thirdparty\tinyxml</Filter>
    </ClCompile>
    <ClCompile Include="..\..\Shared\thirdparty\tinyxml\tinyxml.cpp">
      <Filter>Shared\Thirdparty\tinyxml</Filter>
    </ClCompile>
    <ClCompile Include="..\..\Shared\thirdparty\tinyxml\tinyxmlerror.cpp">
      <Filter>Shared\Thirdparty\tinyxml</Filter>
    </ClCompile>
    <ClCompile Include="..\..\Shared\thirdparty\tinyxml\tinyxmlparser.cpp">
      <Filter>Shared\Thirdparty\tinyxml</Filter>
    </ClCompile>
    <ClCompile Include="..\..\Shared\proto\BaseCmd.pb.cc">
      <Filter>Shared\proto</Filter>
    </ClCompile>
    <ClCompile Include="Client\GlobalManager.cpp">
      <Filter>Client</Filter>
    </ClCompile>
    <ClCompile Include="Client\LocalClientDispatcher.cpp">
      <Filter>Client</Filter>
    </ClCompile>
    <ClCompile Include="Client\LocalClientUdpDispatcher.cpp">
      <Filter>Client</Filter>
    </ClCompile>
    <ClCompile Include="Client\StreamRelayTcpClient.cpp">
      <Filter>Client</Filter>
    </ClCompile>
    <ClCompile Include="Client\StreamRelayTcpServer.cpp">
      <Filter>Client</Filter>
    </ClCompile>
    <ClCompile Include="..\..\Shared\thirdparty\mini-al\extras\stb_vorbis.c">
      <Filter>Shared\Thirdparty\mini-al\extras</Filter>
    </ClCompile>
    <ClCompile Include="..\..\Shared\src\Utility\AudioCodec.cpp">
      <Filter>Shared\Utility</Filter>
    </ClCompile>
    <ClCompile Include="..\..\Shared\thirdparty\mini-al\mini_al.cpp">
      <Filter>Shared\Thirdparty\mini-al</Filter>
    </ClCompile>
    <ClCompile Include="..\..\Shared\thirdparty\mini-al\extras\dr_wav.cpp">
      <Filter>Shared\Thirdparty\mini-al\extras</Filter>
    </ClCompile>
    <ClCompile Include="..\..\Shared\src\Utility\LocalizationLoader.cpp">
      <Filter>Shared\Utility</Filter>
    </ClCompile>
    <ClCompile Include="..\..\Shared\src\Network\HttpServer\connection.cpp">
      <Filter>Shared\Network\HttpServer</Filter>
    </ClCompile>
    <ClCompile Include="..\..\Shared\src\Network\HttpServer\connection_manager.cpp">
      <Filter>Shared\Network\HttpServer</Filter>
    </ClCompile>
    <ClCompile Include="..\..\Shared\src\Network\HttpServer\http_server.cpp">
      <Filter>Shared\Network\HttpServer</Filter>
    </ClCompile>
    <ClCompile Include="..\..\Shared\src\Network\HttpServer\mime_types.cpp">
      <Filter>Shared\Network\HttpServer</Filter>
    </ClCompile>
    <ClCompile Include="..\..\Shared\src\Network\HttpServer\reply.cpp">
      <Filter>Shared\Network\HttpServer</Filter>
    </ClCompile>
    <ClCompile Include="..\..\Shared\src\Network\HttpServer\request_handler.cpp">
      <Filter>Shared\Network\HttpServer</Filter>
    </ClCompile>
    <ClCompile Include="..\..\Shared\src\Network\HttpServer\request_parser.cpp">
      <Filter>Shared\Network\HttpServer</Filter>
    </ClCompile>
    <ClCompile Include="..\..\Shared\src\Network\HttpServer.cpp">
      <Filter>Shared\Network</Filter>
    </ClCompile>
    <ClCompile Include="..\..\Shared\thirdparty\jsoncpp\src\json_reader.cpp">
      <Filter>Shared\Thirdparty\jsoncpp</Filter>
    </ClCompile>
    <ClCompile Include="..\..\Shared\thirdparty\jsoncpp\src\json_value.cpp">
      <Filter>Shared\Thirdparty\jsoncpp</Filter>
    </ClCompile>
    <ClCompile Include="..\..\Shared\thirdparty\jsoncpp\src\json_writer.cpp">
      <Filter>Shared\Thirdparty\jsoncpp</Filter>
    </ClCompile>
    <ClCompile Include="..\..\Shared\src\Utility\FileManagerBase.cpp">
      <Filter>Shared\Utility</Filter>
    </ClCompile>
    <ClCompile Include="..\..\Shared\thirdparty\cppfs\source\AbstractFileHandleBackend.cpp">
      <Filter>Shared\Thirdparty\cppfs</Filter>
    </ClCompile>
    <ClCompile Include="..\..\Shared\thirdparty\cppfs\source\AbstractFileIteratorBackend.cpp">
      <Filter>Shared\Thirdparty\cppfs</Filter>
    </ClCompile>
    <ClCompile Include="..\..\Shared\thirdparty\cppfs\source\AbstractFileSystem.cpp">
      <Filter>Shared\Thirdparty\cppfs</Filter>
    </ClCompile>
    <ClCompile Include="..\..\Shared\thirdparty\cppfs\source\Change.cpp">
      <Filter>Shared\Thirdparty\cppfs</Filter>
    </ClCompile>
    <ClCompile Include="..\..\Shared\thirdparty\cppfs\source\cppfsUrl.cpp">
      <Filter>Shared\Thirdparty\cppfs</Filter>
    </ClCompile>
    <ClCompile Include="..\..\Shared\thirdparty\cppfs\source\Diff.cpp">
      <Filter>Shared\Thirdparty\cppfs</Filter>
    </ClCompile>
    <ClCompile Include="..\..\Shared\thirdparty\cppfs\source\FileHandle.cpp">
      <Filter>Shared\Thirdparty\cppfs</Filter>
    </ClCompile>
    <ClCompile Include="..\..\Shared\thirdparty\cppfs\source\FileIterator.cpp">
      <Filter>Shared\Thirdparty\cppfs</Filter>
    </ClCompile>
    <ClCompile Include="..\..\Shared\thirdparty\cppfs\source\FilePath.cpp">
      <Filter>Shared\Thirdparty\cppfs</Filter>
    </ClCompile>
    <ClCompile Include="..\..\Shared\thirdparty\cppfs\source\FileVisitor.cpp">
      <Filter>Shared\Thirdparty\cppfs</Filter>
    </ClCompile>
    <ClCompile Include="..\..\Shared\thirdparty\cppfs\source\fs.cpp">
      <Filter>Shared\Thirdparty\cppfs</Filter>
    </ClCompile>
    <ClCompile Include="..\..\Shared\thirdparty\cppfs\source\FunctionalFileVisitor.cpp">
      <Filter>Shared\Thirdparty\cppfs</Filter>
    </ClCompile>
    <ClCompile Include="..\..\Shared\thirdparty\cppfs\source\InputStream.cpp">
      <Filter>Shared\Thirdparty\cppfs</Filter>
    </ClCompile>
    <ClCompile Include="..\..\Shared\thirdparty\cppfs\source\LoginCredentials.cpp">
      <Filter>Shared\Thirdparty\cppfs</Filter>
    </ClCompile>
    <ClCompile Include="..\..\Shared\thirdparty\cppfs\source\OutputStream.cpp">
      <Filter>Shared\Thirdparty\cppfs</Filter>
    </ClCompile>
    <ClCompile Include="..\..\Shared\thirdparty\cppfs\source\system.cpp">
      <Filter>Shared\Thirdparty\cppfs</Filter>
    </ClCompile>
    <ClCompile Include="..\..\Shared\thirdparty\cppfs\source\Tree.cpp">
      <Filter>Shared\Thirdparty\cppfs</Filter>
    </ClCompile>
    <ClCompile Include="..\..\Shared\thirdparty\cppfs\source\windows\LocalFileHandle.cpp">
      <Filter>Shared\Thirdparty\cppfs\windows</Filter>
    </ClCompile>
    <ClCompile Include="..\..\Shared\thirdparty\cppfs\source\windows\LocalFileIterator.cpp">
      <Filter>Shared\Thirdparty\cppfs\windows</Filter>
    </ClCompile>
    <ClCompile Include="..\..\Shared\thirdparty\cppfs\source\windows\LocalFileSystem.cpp">
      <Filter>Shared\Thirdparty\cppfs\windows</Filter>
    </ClCompile>
    <ClCompile Include="Client\FileManager.cpp">
      <Filter>Client</Filter>
    </ClCompile>
    <ClCompile Include="Client\HttpFileServer.cpp">
      <Filter>Client</Filter>
    </ClCompile>
    <ClCompile Include="..\..\Shared\src\Utility\GlobalManagerBase.cpp">
      <Filter>Shared\Utility</Filter>
    </ClCompile>
    <ClCompile Include="AVStream\DDRAudioTranscode.cpp">
      <Filter>AVStream</Filter>
    </ClCompile>
    <ClCompile Include="AVStream\DDRStreamPlay.cpp">
      <Filter>AVStream</Filter>
    </ClCompile>
    <ClCompile Include="AVStream\MyMTModules.cpp">
      <Filter>AVStream</Filter>
    </ClCompile>
    <ClCompile Include="AVStream\ProcSharedMem.cpp">
      <Filter>AVStream</Filter>
    </ClCompile>
    <ClCompile Include="AVStream\StreamRelayService.cpp">
      <Filter>AVStream</Filter>
    </ClCompile>
    <ClCompile Include="AVStream\TTSQueuePlayer.cpp">
      <Filter>AVStream</Filter>
    </ClCompile>
    <ClCompile Include="Processors\FileAddressProcessor.cpp">
      <Filter>Processors</Filter>
    </ClCompile>
    <ClCompile Include="Processors\FileStatusProcessor.cpp">
      <Filter>Processors</Filter>
    </ClCompile>
    <ClCompile Include="Processors\LocalClientUdpProcessor.cpp">
      <Filter>Processors</Filter>
    </ClCompile>
    <ClCompile Include="Processors\LoginProcessor.cpp">
      <Filter>Processors</Filter>
    </ClCompile>
    <ClCompile Include="Processors\StreamServiceInfoChangedProcessor.cpp">
      <Filter>Processors</Filter>
    </ClCompile>
    <ClCompile Include="Processors\StreamServiceInfoProcessor.cpp">
      <Filter>Processors</Filter>
    </ClCompile>
    <ClCompile Include="Processors\CmdAudioProcessor.cpp">
      <Filter>Processors</Filter>
    </ClCompile>
    <ClCompile Include="Processors\AudioTalkProcessor.cpp">
      <Filter>Processors</Filter>
    </ClCompile>
    <ClCompile Include="..\..\Shared\src\Network\HttpClient.cpp">
      <Filter>Shared\Network</Filter>
    </ClCompile>
    <ClCompile Include="..\..\Shared\thirdparty\curl\lib\amigaos.c">
      <Filter>Shared\Thirdparty\curl\lib</Filter>
    </ClCompile>
    <ClCompile Include="..\..\Shared\thirdparty\curl\lib\asyn-ares.c">
      <Filter>Shared\Thirdparty\curl\lib</Filter>
    </ClCompile>
    <ClCompile Include="..\..\Shared\thirdparty\curl\lib\asyn-thread.c">
      <Filter>Shared\Thirdparty\curl\lib</Filter>
    </ClCompile>
    <ClCompile Include="..\..\Shared\thirdparty\curl\lib\base64.c">
      <Filter>Shared\Thirdparty\curl\lib</Filter>
    </ClCompile>
    <ClCompile Include="..\..\Shared\thirdparty\curl\lib\conncache.c">
      <Filter>Shared\Thirdparty\curl\lib</Filter>
    </ClCompile>
    <ClCompile Include="..\..\Shared\thirdparty\curl\lib\connect.c">
      <Filter>Shared\Thirdparty\curl\lib</Filter>
    </ClCompile>
    <ClCompile Include="..\..\Shared\thirdparty\curl\lib\content_encoding.c">
      <Filter>Shared\Thirdparty\curl\lib</Filter>
    </ClCompile>
    <ClCompile Include="..\..\Shared\thirdparty\curl\lib\cookie.c">
      <Filter>Shared\Thirdparty\curl\lib</Filter>
    </ClCompile>
    <ClCompile Include="..\..\Shared\thirdparty\curl\lib\curl_addrinfo.c">
      <Filter>Shared\Thirdparty\curl\lib</Filter>
    </ClCompile>
    <ClCompile Include="..\..\Shared\thirdparty\curl\lib\curl_ctype.c">
      <Filter>Shared\Thirdparty\curl\lib</Filter>
    </ClCompile>
    <ClCompile Include="..\..\Shared\thirdparty\curl\lib\curl_des.c">
      <Filter>Shared\Thirdparty\curl\lib</Filter>
    </ClCompile>
    <ClCompile Include="..\..\Shared\thirdparty\curl\lib\curl_endian.c">
      <Filter>Shared\Thirdparty\curl\lib</Filter>
    </ClCompile>
    <ClCompile Include="..\..\Shared\thirdparty\curl\lib\curl_fnmatch.c">
      <Filter>Shared\Thirdparty\curl\lib</Filter>
    </ClCompile>
    <ClCompile Include="..\..\Shared\thirdparty\curl\lib\curl_gethostname.c">
      <Filter>Shared\Thirdparty\curl\lib</Filter>
    </ClCompile>
    <ClCompile Include="..\..\Shared\thirdparty\curl\lib\curl_gssapi.c">
      <Filter>Shared\Thirdparty\curl\lib</Filter>
    </ClCompile>
    <ClCompile Include="..\..\Shared\thirdparty\curl\lib\curl_memrchr.c">
      <Filter>Shared\Thirdparty\curl\lib</Filter>
    </ClCompile>
    <ClCompile Include="..\..\Shared\thirdparty\curl\lib\curl_multibyte.c">
      <Filter>Shared\Thirdparty\curl\lib</Filter>
    </ClCompile>
    <ClCompile Include="..\..\Shared\thirdparty\curl\lib\curl_ntlm_core.c">
      <Filter>Shared\Thirdparty\curl\lib</Filter>
    </ClCompile>
    <ClCompile Include="..\..\Shared\thirdparty\curl\lib\curl_ntlm_wb.c">
      <Filter>Shared\Thirdparty\curl\lib</Filter>
    </ClCompile>
    <ClCompile Include="..\..\Shared\thirdparty\curl\lib\curl_path.c">
      <Filter>Shared\Thirdparty\curl\lib</Filter>
    </ClCompile>
    <ClCompile Include="..\..\Shared\thirdparty\curl\lib\curl_range.c">
      <Filter>Shared\Thirdparty\curl\lib</Filter>
    </ClCompile>
    <ClCompile Include="..\..\Shared\thirdparty\curl\lib\curl_rtmp.c">
      <Filter>Shared\Thirdparty\curl\lib</Filter>
    </ClCompile>
    <ClCompile Include="..\..\Shared\thirdparty\curl\lib\curl_sasl.c">
      <Filter>Shared\Thirdparty\curl\lib</Filter>
    </ClCompile>
    <ClCompile Include="..\..\Shared\thirdparty\curl\lib\curl_sspi.c">
      <Filter>Shared\Thirdparty\curl\lib</Filter>
    </ClCompile>
    <ClCompile Include="..\..\Shared\thirdparty\curl\lib\curl_threads.c">
      <Filter>Shared\Thirdparty\curl\lib</Filter>
    </ClCompile>
    <ClCompile Include="..\..\Shared\thirdparty\curl\lib\dict.c">
      <Filter>Shared\Thirdparty\curl\lib</Filter>
    </ClCompile>
    <ClCompile Include="..\..\Shared\thirdparty\curl\lib\doh.c">
      <Filter>Shared\Thirdparty\curl\lib</Filter>
    </ClCompile>
    <ClCompile Include="..\..\Shared\thirdparty\curl\lib\dotdot.c">
      <Filter>Shared\Thirdparty\curl\lib</Filter>
    </ClCompile>
    <ClCompile Include="..\..\Shared\thirdparty\curl\lib\easy.c">
      <Filter>Shared\Thirdparty\curl\lib</Filter>
    </ClCompile>
    <ClCompile Include="..\..\Shared\thirdparty\curl\lib\escape.c">
      <Filter>Shared\Thirdparty\curl\lib</Filter>
    </ClCompile>
    <ClCompile Include="..\..\Shared\thirdparty\curl\lib\file.c">
      <Filter>Shared\Thirdparty\curl\lib</Filter>
    </ClCompile>
    <ClCompile Include="..\..\Shared\thirdparty\curl\lib\fileinfo.c">
      <Filter>Shared\Thirdparty\curl\lib</Filter>
    </ClCompile>
    <ClCompile Include="..\..\Shared\thirdparty\curl\lib\formdata.c">
      <Filter>Shared\Thirdparty\curl\lib</Filter>
    </ClCompile>
    <ClCompile Include="..\..\Shared\thirdparty\curl\lib\ftp.c">
      <Filter>Shared\Thirdparty\curl\lib</Filter>
    </ClCompile>
    <ClCompile Include="..\..\Shared\thirdparty\curl\lib\ftplistparser.c">
      <Filter>Shared\Thirdparty\curl\lib</Filter>
    </ClCompile>
    <ClCompile Include="..\..\Shared\thirdparty\curl\lib\getenv.c">
      <Filter>Shared\Thirdparty\curl\lib</Filter>
    </ClCompile>
    <ClCompile Include="..\..\Shared\thirdparty\curl\lib\getinfo.c">
      <Filter>Shared\Thirdparty\curl\lib</Filter>
    </ClCompile>
    <ClCompile Include="..\..\Shared\thirdparty\curl\lib\gopher.c">
      <Filter>Shared\Thirdparty\curl\lib</Filter>
    </ClCompile>
    <ClCompile Include="..\..\Shared\thirdparty\curl\lib\hash.c">
      <Filter>Shared\Thirdparty\curl\lib</Filter>
    </ClCompile>
    <ClCompile Include="..\..\Shared\thirdparty\curl\lib\hmac.c">
      <Filter>Shared\Thirdparty\curl\lib</Filter>
    </ClCompile>
    <ClCompile Include="..\..\Shared\thirdparty\curl\lib\hostasyn.c">
      <Filter>Shared\Thirdparty\curl\lib</Filter>
    </ClCompile>
    <ClCompile Include="..\..\Shared\thirdparty\curl\lib\hostcheck.c">
      <Filter>Shared\Thirdparty\curl\lib</Filter>
    </ClCompile>
    <ClCompile Include="..\..\Shared\thirdparty\curl\lib\hostip.c">
      <Filter>Shared\Thirdparty\curl\lib</Filter>
    </ClCompile>
    <ClCompile Include="..\..\Shared\thirdparty\curl\lib\hostip4.c">
      <Filter>Shared\Thirdparty\curl\lib</Filter>
    </ClCompile>
    <ClCompile Include="..\..\Shared\thirdparty\curl\lib\hostip6.c">
      <Filter>Shared\Thirdparty\curl\lib</Filter>
    </ClCompile>
    <ClCompile Include="..\..\Shared\thirdparty\curl\lib\hostsyn.c">
      <Filter>Shared\Thirdparty\curl\lib</Filter>
    </ClCompile>
    <ClCompile Include="..\..\Shared\thirdparty\curl\lib\http.c">
      <Filter>Shared\Thirdparty\curl\lib</Filter>
    </ClCompile>
    <ClCompile Include="..\..\Shared\thirdparty\curl\lib\http2.c">
      <Filter>Shared\Thirdparty\curl\lib</Filter>
    </ClCompile>
    <ClCompile Include="..\..\Shared\thirdparty\curl\lib\http_chunks.c">
      <Filter>Shared\Thirdparty\curl\lib</Filter>
    </ClCompile>
    <ClCompile Include="..\..\Shared\thirdparty\curl\lib\http_digest.c">
      <Filter>Shared\Thirdparty\curl\lib</Filter>
    </ClCompile>
    <ClCompile Include="..\..\Shared\thirdparty\curl\lib\http_negotiate.c">
      <Filter>Shared\Thirdparty\curl\lib</Filter>
    </ClCompile>
    <ClCompile Include="..\..\Shared\thirdparty\curl\lib\http_ntlm.c">
      <Filter>Shared\Thirdparty\curl\lib</Filter>
    </ClCompile>
    <ClCompile Include="..\..\Shared\thirdparty\curl\lib\http_proxy.c">
      <Filter>Shared\Thirdparty\curl\lib</Filter>
    </ClCompile>
    <ClCompile Include="..\..\Shared\thirdparty\curl\lib\idn_win32.c">
      <Filter>Shared\Thirdparty\curl\lib</Filter>
    </ClCompile>
    <ClCompile Include="..\..\Shared\thirdparty\curl\lib\if2ip.c">
      <Filter>Shared\Thirdparty\curl\lib</Filter>
    </ClCompile>
    <ClCompile Include="..\..\Shared\thirdparty\curl\lib\imap.c">
      <Filter>Shared\Thirdparty\curl\lib</Filter>
    </ClCompile>
    <ClCompile Include="..\..\Shared\thirdparty\curl\lib\inet_ntop.c">
      <Filter>Shared\Thirdparty\curl\lib</Filter>
    </ClCompile>
    <ClCompile Include="..\..\Shared\thirdparty\curl\lib\inet_pton.c">
      <Filter>Shared\Thirdparty\curl\lib</Filter>
    </ClCompile>
    <ClCompile Include="..\..\Shared\thirdparty\curl\lib\krb5.c">
      <Filter>Shared\Thirdparty\curl\lib</Filter>
    </ClCompile>
    <ClCompile Include="..\..\Shared\thirdparty\curl\lib\ldap.c">
      <Filter>Shared\Thirdparty\curl\lib</Filter>
    </ClCompile>
    <ClCompile Include="..\..\Shared\thirdparty\curl\lib\llist.c">
      <Filter>Shared\Thirdparty\curl\lib</Filter>
    </ClCompile>
    <ClCompile Include="..\..\Shared\thirdparty\curl\lib\md4.c">
      <Filter>Shared\Thirdparty\curl\lib</Filter>
    </ClCompile>
    <ClCompile Include="..\..\Shared\thirdparty\curl\lib\md5.c">
      <Filter>Shared\Thirdparty\curl\lib</Filter>
    </ClCompile>
    <ClCompile Include="..\..\Shared\thirdparty\curl\lib\memdebug.c">
      <Filter>Shared\Thirdparty\curl\lib</Filter>
    </ClCompile>
    <ClCompile Include="..\..\Shared\thirdparty\curl\lib\mime.c">
      <Filter>Shared\Thirdparty\curl\lib</Filter>
    </ClCompile>
    <ClCompile Include="..\..\Shared\thirdparty\curl\lib\mprintf.c">
      <Filter>Shared\Thirdparty\curl\lib</Filter>
    </ClCompile>
    <ClCompile Include="..\..\Shared\thirdparty\curl\lib\multi.c">
      <Filter>Shared\Thirdparty\curl\lib</Filter>
    </ClCompile>
    <ClCompile Include="..\..\Shared\thirdparty\curl\lib\netrc.c">
      <Filter>Shared\Thirdparty\curl\lib</Filter>
    </ClCompile>
    <ClCompile Include="..\..\Shared\thirdparty\curl\lib\non-ascii.c">
      <Filter>Shared\Thirdparty\curl\lib</Filter>
    </ClCompile>
    <ClCompile Include="..\..\Shared\thirdparty\curl\lib\nonblock.c">
      <Filter>Shared\Thirdparty\curl\lib</Filter>
    </ClCompile>
    <ClCompile Include="..\..\Shared\thirdparty\curl\lib\nwlib.c">
      <Filter>Shared\Thirdparty\curl\lib</Filter>
    </ClCompile>
    <ClCompile Include="..\..\Shared\thirdparty\curl\lib\nwos.c">
      <Filter>Shared\Thirdparty\curl\lib</Filter>
    </ClCompile>
    <ClCompile Include="..\..\Shared\thirdparty\curl\lib\openldap.c">
      <Filter>Shared\Thirdparty\curl\lib</Filter>
    </ClCompile>
    <ClCompile Include="..\..\Shared\thirdparty\curl\lib\parsedate.c">
      <Filter>Shared\Thirdparty\curl\lib</Filter>
    </ClCompile>
    <ClCompile Include="..\..\Shared\thirdparty\curl\lib\pingpong.c">
      <Filter>Shared\Thirdparty\curl\lib</Filter>
    </ClCompile>
    <ClCompile Include="..\..\Shared\thirdparty\curl\lib\pipeline.c">
      <Filter>Shared\Thirdparty\curl\lib</Filter>
    </ClCompile>
    <ClCompile Include="..\..\Shared\thirdparty\curl\lib\pop3.c">
      <Filter>Shared\Thirdparty\curl\lib</Filter>
    </ClCompile>
    <ClCompile Include="..\..\Shared\thirdparty\curl\lib\progress.c">
      <Filter>Shared\Thirdparty\curl\lib</Filter>
    </ClCompile>
    <ClCompile Include="..\..\Shared\thirdparty\curl\lib\psl.c">
      <Filter>Shared\Thirdparty\curl\lib</Filter>
    </ClCompile>
    <ClCompile Include="..\..\Shared\thirdparty\curl\lib\rand.c">
      <Filter>Shared\Thirdparty\curl\lib</Filter>
    </ClCompile>
    <ClCompile Include="..\..\Shared\thirdparty\curl\lib\rtsp.c">
      <Filter>Shared\Thirdparty\curl\lib</Filter>
    </ClCompile>
    <ClCompile Include="..\..\Shared\thirdparty\curl\lib\security.c">
      <Filter>Shared\Thirdparty\curl\lib</Filter>
    </ClCompile>
    <ClCompile Include="..\..\Shared\thirdparty\curl\lib\select.c">
      <Filter>Shared\Thirdparty\curl\lib</Filter>
    </ClCompile>
    <ClCompile Include="..\..\Shared\thirdparty\curl\lib\sendf.c">
      <Filter>Shared\Thirdparty\curl\lib</Filter>
    </ClCompile>
    <ClCompile Include="..\..\Shared\thirdparty\curl\lib\setopt.c">
      <Filter>Shared\Thirdparty\curl\lib</Filter>
    </ClCompile>
    <ClCompile Include="..\..\Shared\thirdparty\curl\lib\sha256.c">
      <Filter>Shared\Thirdparty\curl\lib</Filter>
    </ClCompile>
    <ClCompile Include="..\..\Shared\thirdparty\curl\lib\share.c">
      <Filter>Shared\Thirdparty\curl\lib</Filter>
    </ClCompile>
    <ClCompile Include="..\..\Shared\thirdparty\curl\lib\slist.c">
      <Filter>Shared\Thirdparty\curl\lib</Filter>
    </ClCompile>
    <ClCompile Include="..\..\Shared\thirdparty\curl\lib\smb.c">
      <Filter>Shared\Thirdparty\curl\lib</Filter>
    </ClCompile>
    <ClCompile Include="..\..\Shared\thirdparty\curl\lib\smtp.c">
      <Filter>Shared\Thirdparty\curl\lib</Filter>
    </ClCompile>
    <ClCompile Include="..\..\Shared\thirdparty\curl\lib\socks.c">
      <Filter>Shared\Thirdparty\curl\lib</Filter>
    </ClCompile>
    <ClCompile Include="..\..\Shared\thirdparty\curl\lib\socks_gssapi.c">
      <Filter>Shared\Thirdparty\curl\lib</Filter>
    </ClCompile>
    <ClCompile Include="..\..\Shared\thirdparty\curl\lib\socks_sspi.c">
      <Filter>Shared\Thirdparty\curl\lib</Filter>
    </ClCompile>
    <ClCompile Include="..\..\Shared\thirdparty\curl\lib\speedcheck.c">
      <Filter>Shared\Thirdparty\curl\lib</Filter>
    </ClCompile>
    <ClCompile Include="..\..\Shared\thirdparty\curl\lib\splay.c">
      <Filter>Shared\Thirdparty\curl\lib</Filter>
    </ClCompile>
    <ClCompile Include="..\..\Shared\thirdparty\curl\lib\ssh-libssh.c">
      <Filter>Shared\Thirdparty\curl\lib</Filter>
    </ClCompile>
    <ClCompile Include="..\..\Shared\thirdparty\curl\lib\ssh.c">
      <Filter>Shared\Thirdparty\curl\lib</Filter>
    </ClCompile>
    <ClCompile Include="..\..\Shared\thirdparty\curl\lib\strcase.c">
      <Filter>Shared\Thirdparty\curl\lib</Filter>
    </ClCompile>
    <ClCompile Include="..\..\Shared\thirdparty\curl\lib\strdup.c">
      <Filter>Shared\Thirdparty\curl\lib</Filter>
    </ClCompile>
    <ClCompile Include="..\..\Shared\thirdparty\curl\lib\strerror.c">
      <Filter>Shared\Thirdparty\curl\lib</Filter>
    </ClCompile>
    <ClCompile Include="..\..\Shared\thirdparty\curl\lib\strtok.c">
      <Filter>Shared\Thirdparty\curl\lib</Filter>
    </ClCompile>
    <ClCompile Include="..\..\Shared\thirdparty\curl\lib\strtoofft.c">
      <Filter>Shared\Thirdparty\curl\lib</Filter>
    </ClCompile>
    <ClCompile Include="..\..\Shared\thirdparty\curl\lib\system_win32.c">
      <Filter>Shared\Thirdparty\curl\lib</Filter>
    </ClCompile>
    <ClCompile Include="..\..\Shared\thirdparty\curl\lib\telnet.c">
      <Filter>Shared\Thirdparty\curl\lib</Filter>
    </ClCompile>
    <ClCompile Include="..\..\Shared\thirdparty\curl\lib\tftp.c">
      <Filter>Shared\Thirdparty\curl\lib</Filter>
    </ClCompile>
    <ClCompile Include="..\..\Shared\thirdparty\curl\lib\timeval.c">
      <Filter>Shared\Thirdparty\curl\lib</Filter>
    </ClCompile>
    <ClCompile Include="..\..\Shared\thirdparty\curl\lib\transfer.c">
      <Filter>Shared\Thirdparty\curl\lib</Filter>
    </ClCompile>
    <ClCompile Include="..\..\Shared\thirdparty\curl\lib\url.c">
      <Filter>Shared\Thirdparty\curl\lib</Filter>
    </ClCompile>
    <ClCompile Include="..\..\Shared\thirdparty\curl\lib\urlapi.c">
      <Filter>Shared\Thirdparty\curl\lib</Filter>
    </ClCompile>
    <ClCompile Include="..\..\Shared\thirdparty\curl\lib\vauth\cleartext.c">
      <Filter>Shared\Thirdparty\curl\lib</Filter>
    </ClCompile>
    <ClCompile Include="..\..\Shared\thirdparty\curl\lib\vauth\cram.c">
      <Filter>Shared\Thirdparty\curl\lib</Filter>
    </ClCompile>
    <ClCompile Include="..\..\Shared\thirdparty\curl\lib\vauth\digest.c">
      <Filter>Shared\Thirdparty\curl\lib</Filter>
    </ClCompile>
    <ClCompile Include="..\..\Shared\thirdparty\curl\lib\vauth\digest_sspi.c">
      <Filter>Shared\Thirdparty\curl\lib</Filter>
    </ClCompile>
    <ClCompile Include="..\..\Shared\thirdparty\curl\lib\vauth\krb5_gssapi.c">
      <Filter>Shared\Thirdparty\curl\lib</Filter>
    </ClCompile>
    <ClCompile Include="..\..\Shared\thirdparty\curl\lib\vauth\krb5_sspi.c">
      <Filter>Shared\Thirdparty\curl\lib</Filter>
    </ClCompile>
    <ClCompile Include="..\..\Shared\thirdparty\curl\lib\vauth\ntlm.c">
      <Filter>Shared\Thirdparty\curl\lib</Filter>
    </ClCompile>
    <ClCompile Include="..\..\Shared\thirdparty\curl\lib\vauth\ntlm_sspi.c">
      <Filter>Shared\Thirdparty\curl\lib</Filter>
    </ClCompile>
    <ClCompile Include="..\..\Shared\thirdparty\curl\lib\vauth\oauth2.c">
      <Filter>Shared\Thirdparty\curl\lib</Filter>
    </ClCompile>
    <ClCompile Include="..\..\Shared\thirdparty\curl\lib\vauth\spnego_gssapi.c">
      <Filter>Shared\Thirdparty\curl\lib</Filter>
    </ClCompile>
    <ClCompile Include="..\..\Shared\thirdparty\curl\lib\vauth\spnego_sspi.c">
      <Filter>Shared\Thirdparty\curl\lib</Filter>
    </ClCompile>
    <ClCompile Include="..\..\Shared\thirdparty\curl\lib\vauth\vauth.c">
      <Filter>Shared\Thirdparty\curl\lib</Filter>
    </ClCompile>
    <ClCompile Include="..\..\Shared\thirdparty\curl\lib\version.c">
      <Filter>Shared\Thirdparty\curl\lib</Filter>
    </ClCompile>
    <ClCompile Include="..\..\Shared\thirdparty\curl\lib\vtls\cyassl.c">
      <Filter>Shared\Thirdparty\curl\lib</Filter>
    </ClCompile>
    <ClCompile Include="..\..\Shared\thirdparty\curl\lib\vtls\darwinssl.c">
      <Filter>Shared\Thirdparty\curl\lib</Filter>
    </ClCompile>
    <ClCompile Include="..\..\Shared\thirdparty\curl\lib\vtls\gskit.c">
      <Filter>Shared\Thirdparty\curl\lib</Filter>
    </ClCompile>
    <ClCompile Include="..\..\Shared\thirdparty\curl\lib\vtls\gtls.c">
      <Filter>Shared\Thirdparty\curl\lib</Filter>
    </ClCompile>
    <ClCompile Include="..\..\Shared\thirdparty\curl\lib\vtls\mbedtls.c">
      <Filter>Shared\Thirdparty\curl\lib</Filter>
    </ClCompile>
    <ClCompile Include="..\..\Shared\thirdparty\curl\lib\vtls\mesalink.c">
      <Filter>Shared\Thirdparty\curl\lib</Filter>
    </ClCompile>
    <ClCompile Include="..\..\Shared\thirdparty\curl\lib\vtls\nss.c">
      <Filter>Shared\Thirdparty\curl\lib</Filter>
    </ClCompile>
    <ClCompile Include="..\..\Shared\thirdparty\curl\lib\vtls\openssl.c">
      <Filter>Shared\Thirdparty\curl\lib</Filter>
    </ClCompile>
    <ClCompile Include="..\..\Shared\thirdparty\curl\lib\vtls\polarssl.c">
      <Filter>Shared\Thirdparty\curl\lib</Filter>
    </ClCompile>
    <ClCompile Include="..\..\Shared\thirdparty\curl\lib\vtls\polarssl_threadlock.c">
      <Filter>Shared\Thirdparty\curl\lib</Filter>
    </ClCompile>
    <ClCompile Include="..\..\Shared\thirdparty\curl\lib\vtls\schannel.c">
      <Filter>Shared\Thirdparty\curl\lib</Filter>
    </ClCompile>
    <ClCompile Include="..\..\Shared\thirdparty\curl\lib\vtls\schannel_verify.c">
      <Filter>Shared\Thirdparty\curl\lib</Filter>
    </ClCompile>
    <ClCompile Include="..\..\Shared\thirdparty\curl\lib\vtls\vtls.c">
      <Filter>Shared\Thirdparty\curl\lib</Filter>
    </ClCompile>
    <ClCompile Include="..\..\Shared\thirdparty\curl\lib\warnless.c">
      <Filter>Shared\Thirdparty\curl\lib</Filter>
    </ClCompile>
    <ClCompile Include="..\..\Shared\thirdparty\curl\lib\wildcard.c">
      <Filter>Shared\Thirdparty\curl\lib</Filter>
    </ClCompile>
    <ClCompile Include="..\..\Shared\thirdparty\curl\lib\x509asn1.c">
      <Filter>Shared\Thirdparty\curl\lib</Filter>
    </ClCompile>
    <ClCompile Include="Processors\UploadFileProcessor.cpp">
      <Filter>Processors</Filter>
    </ClCompile>
  </ItemGroup>
  <ItemGroup>
    <ClInclude Include="RobotChat\DDVoiceInteraction.h">
      <Filter>RobotChat</Filter>
    </ClInclude>
    <ClInclude Include="..\..\Shared\src\Utility\CommonFunc.h">
      <Filter>Shared\Utility</Filter>
    </ClInclude>
    <ClInclude Include="..\..\Shared\src\Utility\DDRMacro.h">
      <Filter>Shared\Utility</Filter>
    </ClInclude>
    <ClInclude Include="..\..\Shared\src\Utility\Logger.h">
      <Filter>Shared\Utility</Filter>
    </ClInclude>
    <ClInclude Include="..\..\Shared\src\Utility\MiniDump.h">
      <Filter>Shared\Utility</Filter>
    </ClInclude>
    <ClInclude Include="..\..\Shared\src\Utility\Singleton.h">
      <Filter>Shared\Utility</Filter>
    </ClInclude>
    <ClInclude Include="..\..\Shared\src\Utility\XmlLoader.h">
      <Filter>Shared\Utility</Filter>
    </ClInclude>
    <ClInclude Include="..\..\Shared\src\Utility\Timer.hpp">
      <Filter>Shared\Utility</Filter>
    </ClInclude>
    <ClInclude Include="..\..\Shared\src\Network\BaseMessageDispatcher.h">
      <Filter>Shared\Network</Filter>
    </ClInclude>
    <ClInclude Include="..\..\Shared\src\Network\BaseProcessor.h">
      <Filter>Shared\Network</Filter>
    </ClInclude>
    <ClInclude Include="..\..\Shared\src\Network\BaseSocketContainer.h">
      <Filter>Shared\Network</Filter>
    </ClInclude>
    <ClInclude Include="..\..\Shared\src\Network\MessageSerializer.h">
      <Filter>Shared\Network</Filter>
    </ClInclude>
    <ClInclude Include="..\..\Shared\src\Network\TcpClientBase.h">
      <Filter>Shared\Network</Filter>
    </ClInclude>
    <ClInclude Include="..\..\Shared\src\Network\TcpServerBase.h">
      <Filter>Shared\Network</Filter>
    </ClInclude>
    <ClInclude Include="..\..\Shared\src\Network\TcpSocketContainer.h">
      <Filter>Shared\Network</Filter>
    </ClInclude>
    <ClInclude Include="..\..\Shared\src\Network\UdpSocketBase.h">
      <Filter>Shared\Network</Filter>
    </ClInclude>
    <ClInclude Include="..\..\Shared\src\FSM\FSM.h">
      <Filter>Shared\Utility</Filter>
    </ClInclude>
    <ClInclude Include="..\..\Shared\thirdparty\tinyxml\tinystr.h">
      <Filter>Shared\Thirdparty\tinyxml</Filter>
    </ClInclude>
    <ClInclude Include="..\..\Shared\thirdparty\tinyxml\tinyxml.h">
      <Filter>Shared\Thirdparty\tinyxml</Filter>
    </ClInclude>
    <ClInclude Include="Client\GlobalManager.h">
      <Filter>Client</Filter>
    </ClInclude>
    <ClInclude Include="Client\LocalClientDispatcher.h">
      <Filter>Client</Filter>
    </ClInclude>
    <ClInclude Include="Client\LocalClientUdpDispatcher.h">
      <Filter>Client</Filter>
    </ClInclude>
    <ClInclude Include="Client\StreamRelayTcpClient.h">
      <Filter>Client</Filter>
    </ClInclude>
    <ClInclude Include="Client\StreamRelayTcpServer.h">
      <Filter>Client</Filter>
    </ClInclude>
    <ClInclude Include="..\..\Shared\thirdparty\mini-al\extras\dr_flac.h">
      <Filter>Shared\Thirdparty\mini-al\extras</Filter>
    </ClInclude>
    <ClInclude Include="..\..\Shared\thirdparty\mini-al\extras\dr_mp3.h">
      <Filter>Shared\Thirdparty\mini-al\extras</Filter>
    </ClInclude>
    <ClInclude Include="..\..\Shared\thirdparty\mini-al\extras\dr_wav.h">
      <Filter>Shared\Thirdparty\mini-al\extras</Filter>
    </ClInclude>
    <ClInclude Include="..\..\Shared\thirdparty\mini-al\extras\jar_mod.h">
      <Filter>Shared\Thirdparty\mini-al\extras</Filter>
    </ClInclude>
    <ClInclude Include="..\..\Shared\thirdparty\mini-al\extras\jar_xm.h">
      <Filter>Shared\Thirdparty\mini-al\extras</Filter>
    </ClInclude>
    <ClInclude Include="..\..\Shared\src\Utility\AudioCodec.h">
      <Filter>Shared\Utility</Filter>
    </ClInclude>
    <ClInclude Include="..\..\Shared\thirdparty\mini-al\mini_al.h">
      <Filter>Shared\Thirdparty\mini-al</Filter>
    </ClInclude>
    <ClInclude Include="..\..\Shared\src\Utility\LocalizationLoader.h">
      <Filter>Shared\Utility</Filter>
    </ClInclude>
    <ClInclude Include="..\..\Shared\src\Network\HttpServer\connection.hpp">
      <Filter>Shared\Network\HttpServer</Filter>
    </ClInclude>
    <ClInclude Include="..\..\Shared\src\Network\HttpServer\connection_manager.hpp">
      <Filter>Shared\Network\HttpServer</Filter>
    </ClInclude>
    <ClInclude Include="..\..\Shared\src\Network\HttpServer\header.hpp">
      <Filter>Shared\Network\HttpServer</Filter>
    </ClInclude>
    <ClInclude Include="..\..\Shared\src\Network\HttpServer\http_server.hpp">
      <Filter>Shared\Network\HttpServer</Filter>
    </ClInclude>
    <ClInclude Include="..\..\Shared\src\Network\HttpServer\mime_types.hpp">
      <Filter>Shared\Network\HttpServer</Filter>
    </ClInclude>
    <ClInclude Include="..\..\Shared\src\Network\HttpServer\reply.hpp">
      <Filter>Shared\Network\HttpServer</Filter>
    </ClInclude>
    <ClInclude Include="..\..\Shared\src\Network\HttpServer\request.hpp">
      <Filter>Shared\Network\HttpServer</Filter>
    </ClInclude>
    <ClInclude Include="..\..\Shared\src\Network\HttpServer\request_handler.hpp">
      <Filter>Shared\Network\HttpServer</Filter>
    </ClInclude>
    <ClInclude Include="..\..\Shared\src\Network\HttpServer\request_parser.hpp">
      <Filter>Shared\Network\HttpServer</Filter>
    </ClInclude>
    <ClInclude Include="..\..\Shared\src\Network\HttpServer.h">
      <Filter>Shared\Network</Filter>
    </ClInclude>
    <ClInclude Include="..\..\Shared\thirdparty\jsoncpp\src\json_tool.h">
      <Filter>Shared\Thirdparty\jsoncpp</Filter>
    </ClInclude>
    <ClInclude Include="..\..\Shared\src\Utility\FileManagerBase.h">
      <Filter>Shared\Utility</Filter>
    </ClInclude>
    <ClInclude Include="Client\FileManager.h">
      <Filter>Client</Filter>
    </ClInclude>
    <ClInclude Include="Client\HttpFileServer.h">
      <Filter>Client</Filter>
    </ClInclude>
    <ClInclude Include="..\..\Shared\src\Utility\GlobalManagerBase.h">
      <Filter>Shared\Utility</Filter>
    </ClInclude>
    <ClInclude Include="AVStream\DDRAudioTranscode.h">
      <Filter>AVStream</Filter>
    </ClInclude>
    <ClInclude Include="AVStream\DDRStreamPlay.h">
      <Filter>AVStream</Filter>
    </ClInclude>
    <ClInclude Include="AVStream\MyMTModules.h">
      <Filter>AVStream</Filter>
    </ClInclude>
    <ClInclude Include="AVStream\ProcSharedMem.h">
      <Filter>AVStream</Filter>
    </ClInclude>
    <ClInclude Include="AVStream\StreamRelayService.h">
      <Filter>AVStream</Filter>
    </ClInclude>
    <ClInclude Include="AVStream\TTSQueuePlayer.h">
      <Filter>AVStream</Filter>
    </ClInclude>
    <ClInclude Include="Processors\FileAddressProcessor.h">
      <Filter>Processors</Filter>
    </ClInclude>
    <ClInclude Include="Processors\FileStatusProcessor.h">
      <Filter>Processors</Filter>
    </ClInclude>
    <ClInclude Include="Processors\LocalClientUdpProcessor.h">
      <Filter>Processors</Filter>
    </ClInclude>
    <ClInclude Include="Processors\LoginProcessor.h">
      <Filter>Processors</Filter>
    </ClInclude>
    <ClInclude Include="Processors\StreamServiceInfoChangedProcessor.h">
      <Filter>Processors</Filter>
    </ClInclude>
    <ClInclude Include="Processors\StreamServiceInfoProcessor.h">
      <Filter>Processors</Filter>
    </ClInclude>
    <ClInclude Include="Processors\CmdAudioProcessor.h">
      <Filter>Processors</Filter>
    </ClInclude>
    <ClInclude Include="Processors\AudioTalkProcessor.h">
      <Filter>Processors</Filter>
    </ClInclude>
    <ClInclude Include="..\..\Shared\src\Network\HttpClient.h">
      <Filter>Shared\Network</Filter>
    </ClInclude>
    <ClInclude Include="..\..\Shared\thirdparty\curl\lib\amigaos.h">
      <Filter>Shared\Thirdparty\curl\lib</Filter>
    </ClInclude>
    <ClInclude Include="..\..\Shared\thirdparty\curl\lib\arpa_telnet.h">
      <Filter>Shared\Thirdparty\curl\lib</Filter>
    </ClInclude>
    <ClInclude Include="..\..\Shared\thirdparty\curl\lib\asyn.h">
      <Filter>Shared\Thirdparty\curl\lib</Filter>
    </ClInclude>
    <ClInclude Include="..\..\Shared\thirdparty\curl\lib\config-amigaos.h">
      <Filter>Shared\Thirdparty\curl\lib</Filter>
    </ClInclude>
    <ClInclude Include="..\..\Shared\thirdparty\curl\lib\config-dos.h">
      <Filter>Shared\Thirdparty\curl\lib</Filter>
    </ClInclude>
    <ClInclude Include="..\..\Shared\thirdparty\curl\lib\config-mac.h">
      <Filter>Shared\Thirdparty\curl\lib</Filter>
    </ClInclude>
    <ClInclude Include="..\..\Shared\thirdparty\curl\lib\config-os400.h">
      <Filter>Shared\Thirdparty\curl\lib</Filter>
    </ClInclude>
    <ClInclude Include="..\..\Shared\thirdparty\curl\lib\config-riscos.h">
      <Filter>Shared\Thirdparty\curl\lib</Filter>
    </ClInclude>
    <ClInclude Include="..\..\Shared\thirdparty\curl\lib\config-symbian.h">
      <Filter>Shared\Thirdparty\curl\lib</Filter>
    </ClInclude>
    <ClInclude Include="..\..\Shared\thirdparty\curl\lib\config-tpf.h">
      <Filter>Shared\Thirdparty\curl\lib</Filter>
    </ClInclude>
    <ClInclude Include="..\..\Shared\thirdparty\curl\lib\config-vxworks.h">
      <Filter>Shared\Thirdparty\curl\lib</Filter>
    </ClInclude>
    <ClInclude Include="..\..\Shared\thirdparty\curl\lib\config-win32.h">
      <Filter>Shared\Thirdparty\curl\lib</Filter>
    </ClInclude>
    <ClInclude Include="..\..\Shared\thirdparty\curl\lib\config-win32ce.h">
      <Filter>Shared\Thirdparty\curl\lib</Filter>
    </ClInclude>
    <ClInclude Include="..\..\Shared\thirdparty\curl\lib\conncache.h">
      <Filter>Shared\Thirdparty\curl\lib</Filter>
    </ClInclude>
    <ClInclude Include="..\..\Shared\thirdparty\curl\lib\connect.h">
      <Filter>Shared\Thirdparty\curl\lib</Filter>
    </ClInclude>
    <ClInclude Include="..\..\Shared\thirdparty\curl\lib\content_encoding.h">
      <Filter>Shared\Thirdparty\curl\lib</Filter>
    </ClInclude>
    <ClInclude Include="..\..\Shared\thirdparty\curl\lib\cookie.h">
      <Filter>Shared\Thirdparty\curl\lib</Filter>
    </ClInclude>
    <ClInclude Include="..\..\Shared\thirdparty\curl\lib\curlx.h">
      <Filter>Shared\Thirdparty\curl\lib</Filter>
    </ClInclude>
    <ClInclude Include="..\..\Shared\thirdparty\curl\lib\curl_addrinfo.h">
      <Filter>Shared\Thirdparty\curl\lib</Filter>
    </ClInclude>
    <ClInclude Include="..\..\Shared\thirdparty\curl\lib\curl_base64.h">
      <Filter>Shared\Thirdparty\curl\lib</Filter>
    </ClInclude>
    <ClInclude Include="..\..\Shared\thirdparty\curl\lib\curl_ctype.h">
      <Filter>Shared\Thirdparty\curl\lib</Filter>
    </ClInclude>
    <ClInclude Include="..\..\Shared\thirdparty\curl\lib\curl_des.h">
      <Filter>Shared\Thirdparty\curl\lib</Filter>
    </ClInclude>
    <ClInclude Include="..\..\Shared\thirdparty\curl\lib\curl_endian.h">
      <Filter>Shared\Thirdparty\curl\lib</Filter>
    </ClInclude>
    <ClInclude Include="..\..\Shared\thirdparty\curl\lib\curl_fnmatch.h">
      <Filter>Shared\Thirdparty\curl\lib</Filter>
    </ClInclude>
    <ClInclude Include="..\..\Shared\thirdparty\curl\lib\curl_gethostname.h">
      <Filter>Shared\Thirdparty\curl\lib</Filter>
    </ClInclude>
    <ClInclude Include="..\..\Shared\thirdparty\curl\lib\curl_gssapi.h">
      <Filter>Shared\Thirdparty\curl\lib</Filter>
    </ClInclude>
    <ClInclude Include="..\..\Shared\thirdparty\curl\lib\curl_hmac.h">
      <Filter>Shared\Thirdparty\curl\lib</Filter>
    </ClInclude>
    <ClInclude Include="..\..\Shared\thirdparty\curl\lib\curl_ldap.h">
      <Filter>Shared\Thirdparty\curl\lib</Filter>
    </ClInclude>
    <ClInclude Include="..\..\Shared\thirdparty\curl\lib\curl_md4.h">
      <Filter>Shared\Thirdparty\curl\lib</Filter>
    </ClInclude>
    <ClInclude Include="..\..\Shared\thirdparty\curl\lib\curl_md5.h">
      <Filter>Shared\Thirdparty\curl\lib</Filter>
    </ClInclude>
    <ClInclude Include="..\..\Shared\thirdparty\curl\lib\curl_memory.h">
      <Filter>Shared\Thirdparty\curl\lib</Filter>
    </ClInclude>
    <ClInclude Include="..\..\Shared\thirdparty\curl\lib\curl_memrchr.h">
      <Filter>Shared\Thirdparty\curl\lib</Filter>
    </ClInclude>
    <ClInclude Include="..\..\Shared\thirdparty\curl\lib\curl_multibyte.h">
      <Filter>Shared\Thirdparty\curl\lib</Filter>
    </ClInclude>
    <ClInclude Include="..\..\Shared\thirdparty\curl\lib\curl_ntlm_core.h">
      <Filter>Shared\Thirdparty\curl\lib</Filter>
    </ClInclude>
    <ClInclude Include="..\..\Shared\thirdparty\curl\lib\curl_ntlm_wb.h">
      <Filter>Shared\Thirdparty\curl\lib</Filter>
    </ClInclude>
    <ClInclude Include="..\..\Shared\thirdparty\curl\lib\curl_path.h">
      <Filter>Shared\Thirdparty\curl\lib</Filter>
    </ClInclude>
    <ClInclude Include="..\..\Shared\thirdparty\curl\lib\curl_printf.h">
      <Filter>Shared\Thirdparty\curl\lib</Filter>
    </ClInclude>
    <ClInclude Include="..\..\Shared\thirdparty\curl\lib\curl_range.h">
      <Filter>Shared\Thirdparty\curl\lib</Filter>
    </ClInclude>
    <ClInclude Include="..\..\Shared\thirdparty\curl\lib\curl_rtmp.h">
      <Filter>Shared\Thirdparty\curl\lib</Filter>
    </ClInclude>
    <ClInclude Include="..\..\Shared\thirdparty\curl\lib\curl_sasl.h">
      <Filter>Shared\Thirdparty\curl\lib</Filter>
    </ClInclude>
    <ClInclude Include="..\..\Shared\thirdparty\curl\lib\curl_sec.h">
      <Filter>Shared\Thirdparty\curl\lib</Filter>
    </ClInclude>
    <ClInclude Include="..\..\Shared\thirdparty\curl\lib\curl_setup.h">
      <Filter>Shared\Thirdparty\curl\lib</Filter>
    </ClInclude>
    <ClInclude Include="..\..\Shared\thirdparty\curl\lib\curl_setup_once.h">
      <Filter>Shared\Thirdparty\curl\lib</Filter>
    </ClInclude>
    <ClInclude Include="..\..\Shared\thirdparty\curl\lib\curl_sha256.h">
      <Filter>Shared\Thirdparty\curl\lib</Filter>
    </ClInclude>
    <ClInclude Include="..\..\Shared\thirdparty\curl\lib\curl_sspi.h">
      <Filter>Shared\Thirdparty\curl\lib</Filter>
    </ClInclude>
    <ClInclude Include="..\..\Shared\thirdparty\curl\lib\curl_threads.h">
      <Filter>Shared\Thirdparty\curl\lib</Filter>
    </ClInclude>
    <ClInclude Include="..\..\Shared\thirdparty\curl\lib\dict.h">
      <Filter>Shared\Thirdparty\curl\lib</Filter>
    </ClInclude>
    <ClInclude Include="..\..\Shared\thirdparty\curl\lib\doh.h">
      <Filter>Shared\Thirdparty\curl\lib</Filter>
    </ClInclude>
    <ClInclude Include="..\..\Shared\thirdparty\curl\lib\dotdot.h">
      <Filter>Shared\Thirdparty\curl\lib</Filter>
    </ClInclude>
    <ClInclude Include="..\..\Shared\thirdparty\curl\lib\easyif.h">
      <Filter>Shared\Thirdparty\curl\lib</Filter>
    </ClInclude>
    <ClInclude Include="..\..\Shared\thirdparty\curl\lib\escape.h">
      <Filter>Shared\Thirdparty\curl\lib</Filter>
    </ClInclude>
    <ClInclude Include="..\..\Shared\thirdparty\curl\lib\file.h">
      <Filter>Shared\Thirdparty\curl\lib</Filter>
    </ClInclude>
    <ClInclude Include="..\..\Shared\thirdparty\curl\lib\fileinfo.h">
      <Filter>Shared\Thirdparty\curl\lib</Filter>
    </ClInclude>
    <ClInclude Include="..\..\Shared\thirdparty\curl\lib\formdata.h">
      <Filter>Shared\Thirdparty\curl\lib</Filter>
    </ClInclude>
    <ClInclude Include="..\..\Shared\thirdparty\curl\lib\ftp.h">
      <Filter>Shared\Thirdparty\curl\lib</Filter>
    </ClInclude>
    <ClInclude Include="..\..\Shared\thirdparty\curl\lib\ftplistparser.h">
      <Filter>Shared\Thirdparty\curl\lib</Filter>
    </ClInclude>
    <ClInclude Include="..\..\Shared\thirdparty\curl\lib\getinfo.h">
      <Filter>Shared\Thirdparty\curl\lib</Filter>
    </ClInclude>
    <ClInclude Include="..\..\Shared\thirdparty\curl\lib\gopher.h">
      <Filter>Shared\Thirdparty\curl\lib</Filter>
    </ClInclude>
    <ClInclude Include="..\..\Shared\thirdparty\curl\lib\hash.h">
      <Filter>Shared\Thirdparty\curl\lib</Filter>
    </ClInclude>
    <ClInclude Include="..\..\Shared\thirdparty\curl\lib\hostcheck.h">
      <Filter>Shared\Thirdparty\curl\lib</Filter>
    </ClInclude>
    <ClInclude Include="..\..\Shared\thirdparty\curl\lib\hostip.h">
      <Filter>Shared\Thirdparty\curl\lib</Filter>
    </ClInclude>
    <ClInclude Include="..\..\Shared\thirdparty\curl\lib\http.h">
      <Filter>Shared\Thirdparty\curl\lib</Filter>
    </ClInclude>
    <ClInclude Include="..\..\Shared\thirdparty\curl\lib\http2.h">
      <Filter>Shared\Thirdparty\curl\lib</Filter>
    </ClInclude>
    <ClInclude Include="..\..\Shared\thirdparty\curl\lib\http_chunks.h">
      <Filter>Shared\Thirdparty\curl\lib</Filter>
    </ClInclude>
    <ClInclude Include="..\..\Shared\thirdparty\curl\lib\http_digest.h">
      <Filter>Shared\Thirdparty\curl\lib</Filter>
    </ClInclude>
    <ClInclude Include="..\..\Shared\thirdparty\curl\lib\http_negotiate.h">
      <Filter>Shared\Thirdparty\curl\lib</Filter>
    </ClInclude>
    <ClInclude Include="..\..\Shared\thirdparty\curl\lib\http_ntlm.h">
      <Filter>Shared\Thirdparty\curl\lib</Filter>
    </ClInclude>
    <ClInclude Include="..\..\Shared\thirdparty\curl\lib\http_proxy.h">
      <Filter>Shared\Thirdparty\curl\lib</Filter>
    </ClInclude>
    <ClInclude Include="..\..\Shared\thirdparty\curl\lib\if2ip.h">
      <Filter>Shared\Thirdparty\curl\lib</Filter>
    </ClInclude>
    <ClInclude Include="..\..\Shared\thirdparty\curl\lib\imap.h">
      <Filter>Shared\Thirdparty\curl\lib</Filter>
    </ClInclude>
    <ClInclude Include="..\..\Shared\thirdparty\curl\lib\inet_ntop.h">
      <Filter>Shared\Thirdparty\curl\lib</Filter>
    </ClInclude>
    <ClInclude Include="..\..\Shared\thirdparty\curl\lib\inet_pton.h">
      <Filter>Shared\Thirdparty\curl\lib</Filter>
    </ClInclude>
    <ClInclude Include="..\..\Shared\thirdparty\curl\lib\llist.h">
      <Filter>Shared\Thirdparty\curl\lib</Filter>
    </ClInclude>
    <ClInclude Include="..\..\Shared\thirdparty\curl\lib\memdebug.h">
      <Filter>Shared\Thirdparty\curl\lib</Filter>
    </ClInclude>
    <ClInclude Include="..\..\Shared\thirdparty\curl\lib\mime.h">
      <Filter>Shared\Thirdparty\curl\lib</Filter>
    </ClInclude>
    <ClInclude Include="..\..\Shared\thirdparty\curl\lib\multihandle.h">
      <Filter>Shared\Thirdparty\curl\lib</Filter>
    </ClInclude>
    <ClInclude Include="..\..\Shared\thirdparty\curl\lib\multiif.h">
      <Filter>Shared\Thirdparty\curl\lib</Filter>
    </ClInclude>
    <ClInclude Include="..\..\Shared\thirdparty\curl\lib\netrc.h">
      <Filter>Shared\Thirdparty\curl\lib</Filter>
    </ClInclude>
    <ClInclude Include="..\..\Shared\thirdparty\curl\lib\non-ascii.h">
      <Filter>Shared\Thirdparty\curl\lib</Filter>
    </ClInclude>
    <ClInclude Include="..\..\Shared\thirdparty\curl\lib\nonblock.h">
      <Filter>Shared\Thirdparty\curl\lib</Filter>
    </ClInclude>
    <ClInclude Include="..\..\Shared\thirdparty\curl\lib\parsedate.h">
      <Filter>Shared\Thirdparty\curl\lib</Filter>
    </ClInclude>
    <ClInclude Include="..\..\Shared\thirdparty\curl\lib\pingpong.h">
      <Filter>Shared\Thirdparty\curl\lib</Filter>
    </ClInclude>
    <ClInclude Include="..\..\Shared\thirdparty\curl\lib\pipeline.h">
      <Filter>Shared\Thirdparty\curl\lib</Filter>
    </ClInclude>
    <ClInclude Include="..\..\Shared\thirdparty\curl\lib\pop3.h">
      <Filter>Shared\Thirdparty\curl\lib</Filter>
    </ClInclude>
    <ClInclude Include="..\..\Shared\thirdparty\curl\lib\progress.h">
      <Filter>Shared\Thirdparty\curl\lib</Filter>
    </ClInclude>
    <ClInclude Include="..\..\Shared\thirdparty\curl\lib\psl.h">
      <Filter>Shared\Thirdparty\curl\lib</Filter>
    </ClInclude>
    <ClInclude Include="..\..\Shared\thirdparty\curl\lib\rand.h">
      <Filter>Shared\Thirdparty\curl\lib</Filter>
    </ClInclude>
    <ClInclude Include="..\..\Shared\thirdparty\curl\lib\rtsp.h">
      <Filter>Shared\Thirdparty\curl\lib</Filter>
    </ClInclude>
    <ClInclude Include="..\..\Shared\thirdparty\curl\lib\select.h">
      <Filter>Shared\Thirdparty\curl\lib</Filter>
    </ClInclude>
    <ClInclude Include="..\..\Shared\thirdparty\curl\lib\sendf.h">
      <Filter>Shared\Thirdparty\curl\lib</Filter>
    </ClInclude>
    <ClInclude Include="..\..\Shared\thirdparty\curl\lib\setopt.h">
      <Filter>Shared\Thirdparty\curl\lib</Filter>
    </ClInclude>
    <ClInclude Include="..\..\Shared\thirdparty\curl\lib\setup-os400.h">
      <Filter>Shared\Thirdparty\curl\lib</Filter>
    </ClInclude>
    <ClInclude Include="..\..\Shared\thirdparty\curl\lib\setup-vms.h">
      <Filter>Shared\Thirdparty\curl\lib</Filter>
    </ClInclude>
    <ClInclude Include="..\..\Shared\thirdparty\curl\lib\share.h">
      <Filter>Shared\Thirdparty\curl\lib</Filter>
    </ClInclude>
    <ClInclude Include="..\..\Shared\thirdparty\curl\lib\sigpipe.h">
      <Filter>Shared\Thirdparty\curl\lib</Filter>
    </ClInclude>
    <ClInclude Include="..\..\Shared\thirdparty\curl\lib\slist.h">
      <Filter>Shared\Thirdparty\curl\lib</Filter>
    </ClInclude>
    <ClInclude Include="..\..\Shared\thirdparty\curl\lib\smb.h">
      <Filter>Shared\Thirdparty\curl\lib</Filter>
    </ClInclude>
    <ClInclude Include="..\..\Shared\thirdparty\curl\lib\smtp.h">
      <Filter>Shared\Thirdparty\curl\lib</Filter>
    </ClInclude>
    <ClInclude Include="..\..\Shared\thirdparty\curl\lib\sockaddr.h">
      <Filter>Shared\Thirdparty\curl\lib</Filter>
    </ClInclude>
    <ClInclude Include="..\..\Shared\thirdparty\curl\lib\socks.h">
      <Filter>Shared\Thirdparty\curl\lib</Filter>
    </ClInclude>
    <ClInclude Include="..\..\Shared\thirdparty\curl\lib\speedcheck.h">
      <Filter>Shared\Thirdparty\curl\lib</Filter>
    </ClInclude>
    <ClInclude Include="..\..\Shared\thirdparty\curl\lib\splay.h">
      <Filter>Shared\Thirdparty\curl\lib</Filter>
    </ClInclude>
    <ClInclude Include="..\..\Shared\thirdparty\curl\lib\ssh.h">
      <Filter>Shared\Thirdparty\curl\lib</Filter>
    </ClInclude>
    <ClInclude Include="..\..\Shared\thirdparty\curl\lib\strcase.h">
      <Filter>Shared\Thirdparty\curl\lib</Filter>
    </ClInclude>
    <ClInclude Include="..\..\Shared\thirdparty\curl\lib\strdup.h">
      <Filter>Shared\Thirdparty\curl\lib</Filter>
    </ClInclude>
    <ClInclude Include="..\..\Shared\thirdparty\curl\lib\strerror.h">
      <Filter>Shared\Thirdparty\curl\lib</Filter>
    </ClInclude>
    <ClInclude Include="..\..\Shared\thirdparty\curl\lib\strtok.h">
      <Filter>Shared\Thirdparty\curl\lib</Filter>
    </ClInclude>
    <ClInclude Include="..\..\Shared\thirdparty\curl\lib\strtoofft.h">
      <Filter>Shared\Thirdparty\curl\lib</Filter>
    </ClInclude>
    <ClInclude Include="..\..\Shared\thirdparty\curl\lib\system_win32.h">
      <Filter>Shared\Thirdparty\curl\lib</Filter>
    </ClInclude>
    <ClInclude Include="..\..\Shared\thirdparty\curl\lib\telnet.h">
      <Filter>Shared\Thirdparty\curl\lib</Filter>
    </ClInclude>
    <ClInclude Include="..\..\Shared\thirdparty\curl\lib\tftp.h">
      <Filter>Shared\Thirdparty\curl\lib</Filter>
    </ClInclude>
    <ClInclude Include="..\..\Shared\thirdparty\curl\lib\timeval.h">
      <Filter>Shared\Thirdparty\curl\lib</Filter>
    </ClInclude>
    <ClInclude Include="..\..\Shared\thirdparty\curl\lib\transfer.h">
      <Filter>Shared\Thirdparty\curl\lib</Filter>
    </ClInclude>
    <ClInclude Include="..\..\Shared\thirdparty\curl\lib\url.h">
      <Filter>Shared\Thirdparty\curl\lib</Filter>
    </ClInclude>
    <ClInclude Include="..\..\Shared\thirdparty\curl\lib\urlapi-int.h">
      <Filter>Shared\Thirdparty\curl\lib</Filter>
    </ClInclude>
    <ClInclude Include="..\..\Shared\thirdparty\curl\lib\urldata.h">
      <Filter>Shared\Thirdparty\curl\lib</Filter>
    </ClInclude>
    <ClInclude Include="..\..\Shared\thirdparty\curl\lib\vauth\digest.h">
      <Filter>Shared\Thirdparty\curl\lib</Filter>
    </ClInclude>
    <ClInclude Include="..\..\Shared\thirdparty\curl\lib\vauth\ntlm.h">
      <Filter>Shared\Thirdparty\curl\lib</Filter>
    </ClInclude>
    <ClInclude Include="..\..\Shared\thirdparty\curl\lib\vauth\vauth.h">
      <Filter>Shared\Thirdparty\curl\lib</Filter>
    </ClInclude>
    <ClInclude Include="..\..\Shared\thirdparty\curl\lib\vtls\cyassl.h">
      <Filter>Shared\Thirdparty\curl\lib</Filter>
    </ClInclude>
    <ClInclude Include="..\..\Shared\thirdparty\curl\lib\vtls\darwinssl.h">
      <Filter>Shared\Thirdparty\curl\lib</Filter>
    </ClInclude>
    <ClInclude Include="..\..\Shared\thirdparty\curl\lib\vtls\gskit.h">
      <Filter>Shared\Thirdparty\curl\lib</Filter>
    </ClInclude>
    <ClInclude Include="..\..\Shared\thirdparty\curl\lib\vtls\gtls.h">
      <Filter>Shared\Thirdparty\curl\lib</Filter>
    </ClInclude>
    <ClInclude Include="..\..\Shared\thirdparty\curl\lib\vtls\mbedtls.h">
      <Filter>Shared\Thirdparty\curl\lib</Filter>
    </ClInclude>
    <ClInclude Include="..\..\Shared\thirdparty\curl\lib\vtls\mesalink.h">
      <Filter>Shared\Thirdparty\curl\lib</Filter>
    </ClInclude>
    <ClInclude Include="..\..\Shared\thirdparty\curl\lib\vtls\nssg.h">
      <Filter>Shared\Thirdparty\curl\lib</Filter>
    </ClInclude>
    <ClInclude Include="..\..\Shared\thirdparty\curl\lib\vtls\openssl.h">
      <Filter>Shared\Thirdparty\curl\lib</Filter>
    </ClInclude>
    <ClInclude Include="..\..\Shared\thirdparty\curl\lib\vtls\polarssl.h">
      <Filter>Shared\Thirdparty\curl\lib</Filter>
    </ClInclude>
    <ClInclude Include="..\..\Shared\thirdparty\curl\lib\vtls\polarssl_threadlock.h">
      <Filter>Shared\Thirdparty\curl\lib</Filter>
    </ClInclude>
    <ClInclude Include="..\..\Shared\thirdparty\curl\lib\vtls\schannel.h">
      <Filter>Shared\Thirdparty\curl\lib</Filter>
    </ClInclude>
    <ClInclude Include="..\..\Shared\thirdparty\curl\lib\vtls\vtls.h">
      <Filter>Shared\Thirdparty\curl\lib</Filter>
    </ClInclude>
    <ClInclude Include="..\..\Shared\thirdparty\curl\lib\warnless.h">
      <Filter>Shared\Thirdparty\curl\lib</Filter>
    </ClInclude>
    <ClInclude Include="..\..\Shared\thirdparty\curl\lib\wildcard.h">
      <Filter>Shared\Thirdparty\curl\lib</Filter>
    </ClInclude>
    <ClInclude Include="..\..\Shared\thirdparty\curl\lib\x509asn1.h">
      <Filter>Shared\Thirdparty\curl\lib</Filter>
    </ClInclude>
    <ClInclude Include="Processors\UploadFileProcessor.h">
      <Filter>Processors</Filter>
    </ClInclude>
  </ItemGroup>
  <ItemGroup>
    <Filter Include="RobotChat">
      <UniqueIdentifier>{30daa7b6-ce39-48ea-b7f9-0a9498059bfb}</UniqueIdentifier>
    </Filter>
    <Filter Include="Shared">
      <UniqueIdentifier>{7b73db83-b9e0-46a3-9f37-45bcee105234}</UniqueIdentifier>
    </Filter>
    <Filter Include="Shared\Network">
      <UniqueIdentifier>{dd24d7b1-ecb4-4288-879d-9927372626bf}</UniqueIdentifier>
    </Filter>
    <Filter Include="Shared\Utility">
      <UniqueIdentifier>{a30ea450-1def-474c-97f6-a5a254276db8}</UniqueIdentifier>
    </Filter>
    <Filter Include="Shared\Thirdparty">
      <UniqueIdentifier>{f912ae53-1529-4988-95bb-b07332a3e7ee}</UniqueIdentifier>
    </Filter>
    <Filter Include="Shared\Thirdparty\tinyxml">
      <UniqueIdentifier>{3fce9c02-05bd-4743-90f6-713b91274719}</UniqueIdentifier>
    </Filter>
    <Filter Include="Shared\proto">
      <UniqueIdentifier>{a95319b3-734e-4aed-8faf-8be3ba8e2856}</UniqueIdentifier>
    </Filter>
    <Filter Include="Client">
      <UniqueIdentifier>{d7f48df5-a413-4bfe-a314-6d4d21983dce}</UniqueIdentifier>
    </Filter>
    <Filter Include="Shared\Thirdparty\mini-al">
      <UniqueIdentifier>{661ded18-a266-41a7-85e7-18f6d9b5dbb1}</UniqueIdentifier>
    </Filter>
    <Filter Include="Shared\Thirdparty\mini-al\extras">
      <UniqueIdentifier>{70a16cba-eeee-48b0-b6aa-2272220577d2}</UniqueIdentifier>
    </Filter>
    <Filter Include="Shared\Network\HttpServer">
      <UniqueIdentifier>{17f45cc0-d13d-4722-a776-1443bb9b640a}</UniqueIdentifier>
    </Filter>
    <Filter Include="Shared\Thirdparty\jsoncpp">
      <UniqueIdentifier>{6e4e6b87-c1b2-4f97-8124-d4de9080bb0b}</UniqueIdentifier>
    </Filter>
    <Filter Include="Shared\Thirdparty\cppfs">
      <UniqueIdentifier>{fb92a2f2-c376-4cb7-8071-279933a81c31}</UniqueIdentifier>
    </Filter>
    <Filter Include="Shared\Thirdparty\cppfs\windows">
      <UniqueIdentifier>{e6d153b2-150e-447c-9bc1-6b4b4e257be8}</UniqueIdentifier>
    </Filter>
    <Filter Include="Processors">
      <UniqueIdentifier>{dd5ea8ab-5407-4fca-b65a-b057e24d7333}</UniqueIdentifier>
    </Filter>
    <Filter Include="AVStream">
      <UniqueIdentifier>{3bebf24a-4ca4-4f7d-907d-f64e427179d7}</UniqueIdentifier>
    </Filter>
    <Filter Include="Shared\Thirdparty\curl">
      <UniqueIdentifier>{dd60cdb6-31a8-4376-b8a9-621fd59c1325}</UniqueIdentifier>
    </Filter>
    <Filter Include="Shared\Thirdparty\curl\lib">
      <UniqueIdentifier>{98ac8240-3d0a-4870-b649-cbda68877f4e}</UniqueIdentifier>
    </Filter>
  </ItemGroup>
  <ItemGroup>
    <None Include="..\..\Shared\proto\BaseCmd.cs">
      <Filter>Shared\proto</Filter>
    </None>
    <None Include="..\..\Shared\thirdparty\jsoncpp\src\json_valueiterator.inl">
      <Filter>Shared\Thirdparty\jsoncpp</Filter>
    </None>
    <None Include="..\..\Shared\thirdparty\curl\lib\Makefile.inc">
      <Filter>Shared\Thirdparty\curl\lib</Filter>
    </None>
    <None Include="..\..\Shared\thirdparty\curl\lib\objnames.inc">
      <Filter>Shared\Thirdparty\curl\lib</Filter>
    </None>
  </ItemGroup>
  <ItemGroup>
    <ResourceCompile Include="..\..\Shared\thirdparty\curl\lib\libcurl.rc">
      <Filter>Shared\Thirdparty\curl\lib</Filter>
    </ResourceCompile>
  </ItemGroup>
</Project>