<?xml version="1.0" encoding="utf-8"?>
<Project ToolsVersion="4.0" xmlns="http://schemas.microsoft.com/developer/msbuild/2003">
  <ItemGroup>
    <ClCompile Include="AudioDeviceInquiry.cpp" />
    <ClCompile Include="DDRAudioTranscode.cpp" />
    <ClCompile Include="main.cpp" />
    <ClCompile Include="MyMTModules.cpp" />
    <ClCompile Include="StreamMainService.cpp" />
    <ClCompile Include="StreamRelayService.cpp" />
    <ClCompile Include="DDRStreamPlay.cpp" />
    <ClCompile Include="zWalleAudio.cpp" />
    <ClCompile Include="stdafx.cpp" />
    <ClCompile Include="DDRLocalAudioPull.cpp" />
    <ClCompile Include="TTSQueuePlayer.cpp" />
    <ClCompile Include="ProcSharedMem.cpp" />
    <ClCompile Include="RobotChat\DDVoiceInteraction.cpp">
      <Filter>RobotChat</Filter>
    </ClCompile>
    <ClCompile Include="SerialPortIOHandler.cpp" />
    <ClCompile Include="RobotChat\cJSON.c">
      <Filter>RobotChat</Filter>
    </ClCompile>
    <ClCompile Include="RobotChat\speech_recognizer.c">
      <Filter>RobotChat</Filter>
    </ClCompile>
    <ClCompile Include="RobotChat\tinyxml2.cpp">
      <Filter>RobotChat</Filter>
    </ClCompile>
    <ClCompile Include="RobotChat\winrec.c">
      <Filter>RobotChat</Filter>
    </ClCompile>
    <ClCompile Include="..\..\Shared\src\Utility\CommonFunc.cpp">
      <Filter>Shared\Utility</Filter>
    </ClCompile>
    <ClCompile Include="..\..\Shared\src\Utility\Logger.cpp">
      <Filter>Shared\Utility</Filter>
    </ClCompile>
    <ClCompile Include="..\..\Shared\src\Utility\MiniDump.cpp">
      <Filter>Shared\Utility</Filter>
    </ClCompile>
    <ClCompile Include="..\..\Shared\src\Utility\XmlLoader.cpp">
      <Filter>Shared\Utility</Filter>
    </ClCompile>
    <ClCompile Include="..\..\Shared\src\Network\BaseMessageDispatcher.cpp">
      <Filter>Shared\Network</Filter>
    </ClCompile>
    <ClCompile Include="..\..\Shared\src\Network\BaseProcessor.cpp">
      <Filter>Shared\Network</Filter>
    </ClCompile>
    <ClCompile Include="..\..\Shared\src\Network\BaseSocketContainer.cpp">
      <Filter>Shared\Network</Filter>
    </ClCompile>
    <ClCompile Include="..\..\Shared\src\Network\MessageSerializer.cpp">
      <Filter>Shared\Network</Filter>
    </ClCompile>
    <ClCompile Include="..\..\Shared\src\Network\TcpClientBase.cpp">
      <Filter>Shared\Network</Filter>
    </ClCompile>
    <ClCompile Include="..\..\Shared\src\Network\TcpServerBase.cpp">
      <Filter>Shared\Network</Filter>
    </ClCompile>
    <ClCompile Include="..\..\Shared\src\Network\TcpSocketContainer.cpp">
      <Filter>Shared\Network</Filter>
    </ClCompile>
    <ClCompile Include="..\..\Shared\src\Network\UdpSocketBase.cpp">
      <Filter>Shared\Network</Filter>
    </ClCompile>
    <ClCompile Include="..\..\Shared\thirdparty\tinyxml\tinystr.cpp">
      <Filter>Shared\Thirdparty\tinyxml</Filter>
    </ClCompile>
    <ClCompile Include="..\..\Shared\thirdparty\tinyxml\tinyxml.cpp">
      <Filter>Shared\Thirdparty\tinyxml</Filter>
    </ClCompile>
    <ClCompile Include="..\..\Shared\thirdparty\tinyxml\tinyxmlerror.cpp">
      <Filter>Shared\Thirdparty\tinyxml</Filter>
    </ClCompile>
    <ClCompile Include="..\..\Shared\thirdparty\tinyxml\tinyxmlparser.cpp">
      <Filter>Shared\Thirdparty\tinyxml</Filter>
    </ClCompile>
    <ClCompile Include="..\..\Shared\proto\BaseCmd.pb.cc">
      <Filter>Shared\proto</Filter>
    </ClCompile>
    <ClCompile Include="Client\GlobalManager.cpp">
      <Filter>Client</Filter>
    </ClCompile>
    <ClCompile Include="Client\LocalClientDispatcher.cpp">
      <Filter>Client</Filter>
    </ClCompile>
    <ClCompile Include="Client\LocalClientUdpDispatcher.cpp">
      <Filter>Client</Filter>
    </ClCompile>
    <ClCompile Include="Client\LocalClientUdpProcessor.cpp">
      <Filter>Client</Filter>
    </ClCompile>
    <ClCompile Include="Client\LoginProcessor.cpp">
      <Filter>Client</Filter>
    </ClCompile>
    <ClCompile Include="Client\StreamRelayTcpClient.cpp">
      <Filter>Client</Filter>
    </ClCompile>
    <ClCompile Include="Client\StreamRelayTcpServer.cpp">
      <Filter>Client</Filter>
    </ClCompile>
    <ClCompile Include="Client\AudioStreamServiceInfoProcessor.cpp">
      <Filter>Client</Filter>
    </ClCompile>
    <ClCompile Include="Client\VideoStreamServiceInfoProcessor.cpp">
      <Filter>Client</Filter>
    </ClCompile>
    <ClCompile Include="..\..\Shared\thirdparty\portaudio\src\common\pa_allocation.c">
      <Filter>Shared\Thirdparty\portaudio\common</Filter>
    </ClCompile>
    <ClCompile Include="..\..\Shared\thirdparty\portaudio\src\common\pa_converters.c">
      <Filter>Shared\Thirdparty\portaudio\common</Filter>
    </ClCompile>
    <ClCompile Include="..\..\Shared\thirdparty\portaudio\src\common\pa_cpuload.c">
      <Filter>Shared\Thirdparty\portaudio\common</Filter>
    </ClCompile>
    <ClCompile Include="..\..\Shared\thirdparty\portaudio\src\common\pa_debugprint.c">
      <Filter>Shared\Thirdparty\portaudio\common</Filter>
    </ClCompile>
    <ClCompile Include="..\..\Shared\thirdparty\portaudio\src\common\pa_dither.c">
      <Filter>Shared\Thirdparty\portaudio\common</Filter>
    </ClCompile>
    <ClCompile Include="..\..\Shared\thirdparty\portaudio\src\common\pa_front.c">
      <Filter>Shared\Thirdparty\portaudio\common</Filter>
    </ClCompile>
    <ClCompile Include="..\..\Shared\thirdparty\portaudio\src\common\pa_process.c">
      <Filter>Shared\Thirdparty\portaudio\common</Filter>
    </ClCompile>
    <ClCompile Include="..\..\Shared\thirdparty\portaudio\src\common\pa_ringbuffer.c">
      <Filter>Shared\Thirdparty\portaudio\common</Filter>
    </ClCompile>
    <ClCompile Include="..\..\Shared\thirdparty\portaudio\src\common\pa_stream.c">
      <Filter>Shared\Thirdparty\portaudio\common</Filter>
    </ClCompile>
    <ClCompile Include="..\..\Shared\thirdparty\portaudio\src\common\pa_trace.c">
      <Filter>Shared\Thirdparty\portaudio\common</Filter>
    </ClCompile>
    <ClCompile Include="..\..\Shared\thirdparty\portaudio\src\hostapi\skeleton\pa_hostapi_skeleton.c">
      <Filter>Shared\Thirdparty\portaudio\hostapi\skeleton</Filter>
    </ClCompile>
    <ClCompile Include="..\..\Shared\thirdparty\portaudio\src\hostapi\asio\pa_asio.cpp">
      <Filter>Shared\Thirdparty\portaudio\hostapi\ASIO</Filter>
    </ClCompile>
    <ClCompile Include="..\..\Shared\thirdparty\portaudio\src\hostapi\ASIOSDK\common\asio.cpp">
      <Filter>Shared\Thirdparty\portaudio\hostapi\ASIO\ASIOSDK</Filter>
    </ClCompile>
    <ClCompile Include="..\..\Shared\thirdparty\portaudio\src\hostapi\ASIOSDK\host\asiodrivers.cpp">
      <Filter>Shared\Thirdparty\portaudio\hostapi\ASIO\ASIOSDK</Filter>
    </ClCompile>
    <ClCompile Include="..\..\Shared\thirdparty\portaudio\src\hostapi\ASIOSDK\host\pc\asiolist.cpp">
      <Filter>Shared\Thirdparty\portaudio\hostapi\ASIO\ASIOSDK</Filter>
    </ClCompile>
    <ClCompile Include="..\..\Shared\thirdparty\portaudio\src\hostapi\dsound\pa_win_ds.c">
      <Filter>Shared\Thirdparty\portaudio\hostapi\dsound</Filter>
    </ClCompile>
    <ClCompile Include="..\..\Shared\thirdparty\portaudio\src\hostapi\dsound\pa_win_ds_dynlink.c">
      <Filter>Shared\Thirdparty\portaudio\hostapi\dsound</Filter>
    </ClCompile>
    <ClCompile Include="..\..\Shared\thirdparty\portaudio\src\hostapi\wasapi\pa_win_wasapi.c">
      <Filter>Shared\Thirdparty\portaudio\hostapi\wasapi</Filter>
    </ClCompile>
    <ClCompile Include="..\..\Shared\thirdparty\portaudio\src\hostapi\wdmks\pa_win_wdmks.c">
      <Filter>Shared\Thirdparty\portaudio\hostapi\wdmks</Filter>
    </ClCompile>
    <ClCompile Include="..\..\Shared\thirdparty\portaudio\src\hostapi\wmme\pa_win_wmme.c">
      <Filter>Shared\Thirdparty\portaudio\hostapi\wmme</Filter>
    </ClCompile>
    <ClCompile Include="..\..\Shared\thirdparty\portaudio\src\os\win\pa_win_coinitialize.c">
      <Filter>Shared\Thirdparty\portaudio\os\win</Filter>
    </ClCompile>
    <ClCompile Include="..\..\Shared\thirdparty\portaudio\src\os\win\pa_win_hostapis.c">
      <Filter>Shared\Thirdparty\portaudio\os\win</Filter>
    </ClCompile>
    <ClCompile Include="..\..\Shared\thirdparty\portaudio\src\os\win\pa_win_util.c">
      <Filter>Shared\Thirdparty\portaudio\os\win</Filter>
    </ClCompile>
    <ClCompile Include="..\..\Shared\thirdparty\portaudio\src\os\win\pa_win_waveformat.c">
      <Filter>Shared\Thirdparty\portaudio\os\win</Filter>
    </ClCompile>
    <ClCompile Include="..\..\Shared\thirdparty\portaudio\src\os\win\pa_win_wdmks_utils.c">
      <Filter>Shared\Thirdparty\portaudio\os\win</Filter>
    </ClCompile>
    <ClCompile Include="..\..\Shared\thirdparty\portaudio\src\os\win\pa_x86_plain_converters.c">
      <Filter>Shared\Thirdparty\portaudio\os\win</Filter>
    </ClCompile>
  </ItemGroup>
  <ItemGroup>
    <ClInclude Include="AudioDeviceInquiry.h" />
    <ClInclude Include="DDRAudioTranscode.h" />
    <ClInclude Include="MyMTModules.h" />
    <ClInclude Include="StreamMainService.h" />
    <ClInclude Include="StreamRelayService.h" />
    <ClInclude Include="DDRStreamPlay.h" />
    <ClInclude Include="zWalleAudio.h" />
    <ClInclude Include="stdafx.h" />
    <ClInclude Include="targetver.h" />
    <ClInclude Include="DDRLocalAudioPull.h" />
    <ClInclude Include="ParamReader.h" />
    <ClInclude Include="TTSQueuePlayer.h" />
    <ClInclude Include="ProcSharedMem.h" />
    <ClInclude Include="RobotChat\DDVoiceInteraction.h">
      <Filter>RobotChat</Filter>
    </ClInclude>
    <ClInclude Include="SerialPortIOHandler.h" />
    <ClInclude Include="..\..\Shared\src\Utility\CommonFunc.h">
      <Filter>Shared\Utility</Filter>
    </ClInclude>
    <ClInclude Include="..\..\Shared\src\Utility\DDRMacro.h">
      <Filter>Shared\Utility</Filter>
    </ClInclude>
    <ClInclude Include="..\..\Shared\src\Utility\Logger.h">
      <Filter>Shared\Utility</Filter>
    </ClInclude>
    <ClInclude Include="..\..\Shared\src\Utility\MiniDump.h">
      <Filter>Shared\Utility</Filter>
    </ClInclude>
    <ClInclude Include="..\..\Shared\src\Utility\Singleton.h">
      <Filter>Shared\Utility</Filter>
    </ClInclude>
    <ClInclude Include="..\..\Shared\src\Utility\XmlLoader.h">
      <Filter>Shared\Utility</Filter>
    </ClInclude>
    <ClInclude Include="..\..\Shared\src\Utility\Timer.hpp">
      <Filter>Shared\Utility</Filter>
    </ClInclude>
    <ClInclude Include="..\..\Shared\src\Network\BaseMessageDispatcher.h">
      <Filter>Shared\Network</Filter>
    </ClInclude>
    <ClInclude Include="..\..\Shared\src\Network\BaseProcessor.h">
      <Filter>Shared\Network</Filter>
    </ClInclude>
    <ClInclude Include="..\..\Shared\src\Network\BaseSocketContainer.h">
      <Filter>Shared\Network</Filter>
    </ClInclude>
    <ClInclude Include="..\..\Shared\src\Network\MessageSerializer.h">
      <Filter>Shared\Network</Filter>
    </ClInclude>
    <ClInclude Include="..\..\Shared\src\Network\TcpClientBase.h">
      <Filter>Shared\Network</Filter>
    </ClInclude>
    <ClInclude Include="..\..\Shared\src\Network\TcpServerBase.h">
      <Filter>Shared\Network</Filter>
    </ClInclude>
    <ClInclude Include="..\..\Shared\src\Network\TcpSocketContainer.h">
      <Filter>Shared\Network</Filter>
    </ClInclude>
    <ClInclude Include="..\..\Shared\src\Network\UdpSocketBase.h">
      <Filter>Shared\Network</Filter>
    </ClInclude>
    <ClInclude Include="..\..\Shared\src\FSM\FSM.h">
      <Filter>Shared\Utility</Filter>
    </ClInclude>
    <ClInclude Include="..\..\Shared\thirdparty\tinyxml\tinystr.h">
      <Filter>Shared\Thirdparty\tinyxml</Filter>
    </ClInclude>
    <ClInclude Include="..\..\Shared\thirdparty\tinyxml\tinyxml.h">
      <Filter>Shared\Thirdparty\tinyxml</Filter>
    </ClInclude>
    <ClInclude Include="Client\GlobalManager.h">
      <Filter>Client</Filter>
    </ClInclude>
    <ClInclude Include="Client\LocalClientDispatcher.h">
      <Filter>Client</Filter>
    </ClInclude>
    <ClInclude Include="Client\LocalClientUdpDispatcher.h">
      <Filter>Client</Filter>
    </ClInclude>
    <ClInclude Include="Client\LocalClientUdpProcessor.h">
      <Filter>Client</Filter>
    </ClInclude>
    <ClInclude Include="Client\LoginProcessor.h">
      <Filter>Client</Filter>
    </ClInclude>
    <ClInclude Include="Client\StreamRelayTcpClient.h">
      <Filter>Client</Filter>
    </ClInclude>
    <ClInclude Include="Client\StreamRelayTcpServer.h">
      <Filter>Client</Filter>
    </ClInclude>
    <ClInclude Include="Client\AudioStreamServiceInfoProcessor.h">
      <Filter>Client</Filter>
    </ClInclude>
    <ClInclude Include="Client\VideoStreamServiceInfoProcessor.h">
      <Filter>Client</Filter>
    </ClInclude>
  </ItemGroup>
  <ItemGroup>
    <Filter Include="RobotChat">
      <UniqueIdentifier>{30daa7b6-ce39-48ea-b7f9-0a9498059bfb}</UniqueIdentifier>
    </Filter>
    <Filter Include="Shared">
      <UniqueIdentifier>{7b73db83-b9e0-46a3-9f37-45bcee105234}</UniqueIdentifier>
    </Filter>
    <Filter Include="Shared\Network">
      <UniqueIdentifier>{dd24d7b1-ecb4-4288-879d-9927372626bf}</UniqueIdentifier>
    </Filter>
    <Filter Include="Shared\Utility">
      <UniqueIdentifier>{a30ea450-1def-474c-97f6-a5a254276db8}</UniqueIdentifier>
    </Filter>
    <Filter Include="Shared\Thirdparty">
      <UniqueIdentifier>{f912ae53-1529-4988-95bb-b07332a3e7ee}</UniqueIdentifier>
    </Filter>
    <Filter Include="Shared\Thirdparty\tinyxml">
      <UniqueIdentifier>{3fce9c02-05bd-4743-90f6-713b91274719}</UniqueIdentifier>
    </Filter>
    <Filter Include="Shared\proto">
      <UniqueIdentifier>{a95319b3-734e-4aed-8faf-8be3ba8e2856}</UniqueIdentifier>
    </Filter>
    <Filter Include="Client">
      <UniqueIdentifier>{d7f48df5-a413-4bfe-a314-6d4d21983dce}</UniqueIdentifier>
    </Filter>
    <Filter Include="Shared\Thirdparty\portaudio">
      <UniqueIdentifier>{bdb10685-0fb4-4dc1-bd27-eab6c854c13e}</UniqueIdentifier>
    </Filter>
    <Filter Include="Shared\Thirdparty\portaudio\common">
      <UniqueIdentifier>{67f6fdd2-9f27-4f5f-ad1e-680f45490b70}</UniqueIdentifier>
    </Filter>
    <Filter Include="Shared\Thirdparty\portaudio\hostapi">
      <UniqueIdentifier>{428214de-0bb7-4c62-8674-4bbe33441100}</UniqueIdentifier>
    </Filter>
    <Filter Include="Shared\Thirdparty\portaudio\os">
      <UniqueIdentifier>{7631b757-91a3-4895-916a-84ae679b18e6}</UniqueIdentifier>
    </Filter>
    <Filter Include="Shared\Thirdparty\portaudio\os\win">
      <UniqueIdentifier>{1ddba521-2805-4549-84a4-9a9c839ffa9b}</UniqueIdentifier>
    </Filter>
    <Filter Include="Shared\Thirdparty\portaudio\hostapi\ASIO">
      <UniqueIdentifier>{01e8596d-0237-4ae7-9c57-6c27cc452b9f}</UniqueIdentifier>
    </Filter>
    <Filter Include="Shared\Thirdparty\portaudio\hostapi\dsound">
      <UniqueIdentifier>{ffde69b3-de5a-48e9-9a08-64f27b23f975}</UniqueIdentifier>
    </Filter>
    <Filter Include="Shared\Thirdparty\portaudio\hostapi\wasapi">
      <UniqueIdentifier>{55c13954-b372-4386-85c1-1e2decc76dff}</UniqueIdentifier>
    </Filter>
    <Filter Include="Shared\Thirdparty\portaudio\hostapi\wdmks">
      <UniqueIdentifier>{abe45b95-f713-4b55-9de4-26c07f23809d}</UniqueIdentifier>
    </Filter>
    <Filter Include="Shared\Thirdparty\portaudio\hostapi\wmme">
      <UniqueIdentifier>{a03c41a6-0ffb-4ef0-89f8-ce6e8bd155a5}</UniqueIdentifier>
    </Filter>
    <Filter Include="Shared\Thirdparty\portaudio\hostapi\skeleton">
      <UniqueIdentifier>{5a58210b-236c-47a2-91c1-d33659344807}</UniqueIdentifier>
    </Filter>
    <Filter Include="Shared\Thirdparty\portaudio\hostapi\ASIO\ASIOSDK">
      <UniqueIdentifier>{114858a1-5fbc-4e87-86ca-103a1a82b1b4}</UniqueIdentifier>
    </Filter>
  </ItemGroup>
  <ItemGroup>
    <None Include="..\..\Shared\proto\BaseCmd.cs">
      <Filter>Shared\proto</Filter>
    </None>
  </ItemGroup>
</Project>